
Microsoft Visual Studio Solution File, Format Version 12.00
# Visual Studio Version 16
VisualStudioVersion = 16.0.29215.179
MinimumVisualStudioVersion = 10.0.40219.1
Project("{FAE04EC0-301F-11D3-BF4B-00C04F79EFBC}") = "01AlgorithmTaskVector", "AlgorithmTaskVector\01AlgorithmTaskVector.csproj", "{0DAFCC08-DD3E-4B0A-98CE-E53B9488C725}"
EndProject
Project("{FAE04EC0-301F-11D3-BF4B-00C04F79EFBC}") = "02Shapes", "02Shapes\02Shapes.csproj", "{F82F4053-6DD9-44BC-9B35-65429214C4CA}"
EndProject
Global
	GlobalSection(SolutionConfigurationPlatforms) = preSolution
		Debug|Any CPU = Debug|Any CPU
		Release|Any CPU = Release|Any CPU
	EndGlobalSection
	GlobalSection(ProjectConfigurationPlatforms) = postSolution
		{0DAFCC08-DD3E-4B0A-98CE-E53B9488C725}.Debug|Any CPU.ActiveCfg = Debug|Any CPU
		{0DAFCC08-DD3E-4B0A-98CE-E53B9488C725}.Debug|Any CPU.Build.0 = Debug|Any CPU
		{0DAFCC08-DD3E-4B0A-98CE-E53B9488C725}.Release|Any CPU.ActiveCfg = Release|Any CPU
		{0DAFCC08-DD3E-4B0A-98CE-E53B9488C725}.Release|Any CPU.Build.0 = Release|Any CPU
		{F82F4053-6DD9-44BC-9B35-65429214C4CA}.Debug|Any CPU.ActiveCfg = Debug|Any CPU
		{F82F4053-6DD9-44BC-9B35-65429214C4CA}.Debug|Any CPU.Build.0 = Debug|Any CPU
		{F82F4053-6DD9-44BC-9B35-65429214C4CA}.Release|Any CPU.ActiveCfg = Release|Any CPU
		{F82F4053-6DD9-44BC-9B35-65429214C4CA}.Release|Any CPU.Build.0 = Release|Any CPU
	EndGlobalSection
	GlobalSection(SolutionProperties) = preSolution
		HideSolutionNode = FALSE
	EndGlobalSection
	GlobalSection(ExtensibilityGlobals) = postSolution
		SolutionGuid = {D46337F3-F043-4E95-9BC7-796C08BFB64E}
	EndGlobalSection
EndGlobal
